// !$*UTF8*$!
{
	archiveVersion = 1;
	classes = {
	};
	objectVersion = 46;
	objects = {

/* Begin PBXBuildFile section */
		4AD41FD71D0B74400091C639 /* AppDelegate.swift in Sources */ = {isa = PBXBuildFile; fileRef = 4AD41FD61D0B74400091C639 /* AppDelegate.swift */; };
		4AD41FD91D0B74400091C639 /* ViewController.swift in Sources */ = {isa = PBXBuildFile; fileRef = 4AD41FD81D0B74400091C639 /* ViewController.swift */; };
		4AD41FDC1D0B74400091C639 /* Main.storyboard in Resources */ = {isa = PBXBuildFile; fileRef = 4AD41FDA1D0B74400091C639 /* Main.storyboard */; };
		4AD41FDE1D0B74400091C639 /* Assets.xcassets in Resources */ = {isa = PBXBuildFile; fileRef = 4AD41FDD1D0B74400091C639 /* Assets.xcassets */; };
		4AD41FE11D0B74400091C639 /* LaunchScreen.storyboard in Resources */ = {isa = PBXBuildFile; fileRef = 4AD41FDF1D0B74400091C639 /* LaunchScreen.storyboard */; };
		4AD41FE91D0BB43B0091C639 /* TipCalculatorModel.swift in Sources */ = {isa = PBXBuildFile; fileRef = 4AD41FE81D0BB43B0091C639 /* TipCalculatorModel.swift */; };
/* End PBXBuildFile section */

/* Begin PBXFileReference section */
		4AD41FD31D0B74400091C639 /* TipCaluclator.app */ = {isa = PBXFileReference; explicitFileType = wrapper.application; includeInIndex = 0; path = TipCaluclator.app; sourceTree = BUILT_PRODUCTS_DIR; };
		4AD41FD61D0B74400091C639 /* AppDelegate.swift */ = {isa = PBXFileReference; lastKnownFileType = sourcecode.swift; path = AppDelegate.swift; sourceTree = "<group>"; };
		4AD41FD81D0B74400091C639 /* ViewController.swift */ = {isa = PBXFileReference; lastKnownFileType = sourcecode.swift; path = ViewController.swift; sourceTree = "<group>"; };
		4AD41FDB1D0B74400091C639 /* Base */ = {isa = PBXFileReference; lastKnownFileType = file.storyboard; name = Base; path = Base.lproj/Main.storyboard; sourceTree = "<group>"; };
		4AD41FDD1D0B74400091C639 /* Assets.xcassets */ = {isa = PBXFileReference; lastKnownFileType = folder.assetcatalog; path = Assets.xcassets; sourceTree = "<group>"; };
		4AD41FE01D0B74400091C639 /* Base */ = {isa = PBXFileReference; lastKnownFileType = file.storyboard; name = Base; path = Base.lproj/LaunchScreen.storyboard; sourceTree = "<group>"; };
		4AD41FE21D0B74400091C639 /* Info.plist */ = {isa = PBXFileReference; lastKnownFileType = text.plist.xml; path = Info.plist; sourceTree = "<group>"; };
		4AD41FE81D0BB43B0091C639 /* TipCalculatorModel.swift */ = {isa = PBXFileReference; fileEncoding = 4; lastKnownFileType = sourcecode.swift; path = TipCalculatorModel.swift; sourceTree = "<group>"; };
/* End PBXFileReference section */

/* Begin PBXFrameworksBuildPhase section */
		4AD41FD01D0B74400091C639 /* Frameworks */ = {
			isa = PBXFrameworksBuildPhase;
			buildActionMask = 2147483647;
			files = (
			);
			runOnlyForDeploymentPostprocessing = 0;
		};
/* End PBXFrameworksBuildPhase section */

/* Begin PBXGroup section */
		4AD41FCA1D0B74400091C639 = {
			isa = PBXGroup;
			children = (
				4AD41FE81D0BB43B0091C639 /* TipCalculatorModel.swift */,
				4AD41FD51D0B74400091C639 /* TipCaluclator */,
				4AD41FD41D0B74400091C639 /* Products */,
			);
			sourceTree = "<group>";
		};
		4AD41FD41D0B74400091C639 /* Products */ = {
			isa = PBXGroup;
			children = (
				4AD41FD31D0B74400091C639 /* TipCaluclator.app */,
			);
			name = Products;
			sourceTree = "<group>";
		};
		4AD41FD51D0B74400091C639 /* TipCaluclator */ = {
			isa = PBXGroup;
			children = (
				4AD41FD61D0B74400091C639 /* AppDelegate.swift */,
				4AD41FD81D0B74400091C639 /* ViewController.swift */,
				4AD41FDA1D0B74400091C639 /* Main.storyboard */,
				4AD41FDD1D0B74400091C639 /* Assets.xcassets */,
				4AD41FDF1D0B74400091C639 /* LaunchScreen.storyboard */,
				4AD41FE21D0B74400091C639 /* Info.plist */,
			);
			path = TipCaluclator;
			sourceTree = "<group>";
		};
/* End PBXGroup section */

/* Begin PBXNativeTarget section */
		4AD41FD21D0B74400091C639 /* TipCaluclator */ = {
			isa = PBXNativeTarget;
			buildConfigurationList = 4AD41FE51D0B74400091C639 /* Build configuration list for PBXNativeTarget "TipCaluclator" */;
			buildPhases = (
				4AD41FCF1D0B74400091C639 /* Sources */,
				4AD41FD01D0B74400091C639 /* Frameworks */,
				4AD41FD11D0B74400091C639 /* Resources */,
			);
			buildRules = (
			);
			dependencies = (
			);
			name = TipCaluclator;
			productName = TipCaluclator;
			productReference = 4AD41FD31D0B74400091C639 /* TipCaluclator.app */;
			productType = "com.apple.product-type.application";
		};
/* End PBXNativeTarget section */

/* Begin PBXProject section */
		4AD41FCB1D0B74400091C639 /* Project object */ = {
			isa = PBXProject;
			attributes = {
				LastSwiftUpdateCheck = 0730;
				LastUpgradeCheck = 0730;
				ORGANIZATIONNAME = PD;
				TargetAttributes = {
					4AD41FD21D0B74400091C639 = {
						CreatedOnToolsVersion = 7.3.1;
					};
				};
			};
			buildConfigurationList = 4AD41FCE1D0B74400091C639 /* Build configuration list for PBXProject "TipCaluclator" */;
			compatibilityVersion = "Xcode 3.2";
			developmentRegion = English;
			hasScannedForEncodings = 0;
			knownRegions = (
				en,
				Base,
			);
			mainGroup = 4AD41FCA1D0B74400091C639;
			productRefGroup = 4AD41FD41D0B74400091C639 /* Products */;
			projectDirPath = "";
			projectRoot = "";
			targets = (
				4AD41FD21D0B74400091C639 /* TipCaluclator */,
			);
		};
/* End PBXProject section */

/* Begin PBXResourcesBuildPhase section */
		4AD41FD11D0B74400091C639 /* Resources */ = {
			isa = PBXResourcesBuildPhase;
			buildActionMask = 2147483647;
			files = (
				4AD41FE11D0B74400091C639 /* LaunchScreen.storyboard in Resources */,
				4AD41FDE1D0B74400091C639 /* Assets.xcassets in Resources */,
				4AD41FDC1D0B74400091C639 /* Main.storyboard in Resources */,
			);
			runOnlyForDeploymentPostprocessing = 0;
		};
/* End PBXResourcesBuildPhase section */

/* Begin PBXSourcesBuildPhase section */
		4AD41FCF1D0B74400091C639 /* Sources */ = {
			isa = PBXSourcesBuildPhase;
			buildActionMask = 2147483647;
			files = (
				4AD41FE91D0BB43B0091C639 /* TipCalculatorModel.swift in Sources */,
				4AD41FD91D0B74400091C639 /* ViewController.swift in Sources */,
				4AD41FD71D0B74400091C639 /* AppDelegate.swift in Sources */,
			);
			runOnlyForDeploymentPostprocessing = 0;
		};
/* End PBXSourcesBuildPhase section */

/* Begin PBXVariantGroup section */
		4AD41FDA1D0B74400091C639 /* Main.storyboard */ = {
			isa = PBXVariantGroup;
			children = (
				4AD41FDB1D0B74400091C639 /* Base */,
			);
			name = Main.storyboard;
			sourceTree = "<group>";
		};
		4AD41FDF1D0B74400091C639 /* LaunchScreen.storyboard */ = {
			isa = PBXVariantGroup;
			children = (
				4AD41FE01D0B74400091C639 /* Base */,
			);
			name = LaunchScreen.storyboard;
			sourceTree = "<group>";
		};
/* End PBXVariantGroup section */

/* Begin XCBuildConfiguration section */
		4AD41FE31D0B74400091C639 /* Debug */ = {
			isa = XCBuildConfiguration;
			buildSettings = {
				ALWAYS_SEARCH_USER_PATHS = NO;
				CLANG_ANALYZER_NONNULL = YES;
				CLANG_CXX_LANGUAGE_STANDARD = "gnu++0x";
				CLANG_CXX_LIBRARY = "libc++";
				CLANG_ENABLE_MODULES = YES;
				CLANG_ENABLE_OBJC_ARC = YES;
				CLANG_WARN_BOOL_CONVERSION = YES;
				CLANG_WARN_CONSTANT_CONVERSION = YES;
				CLANG_WARN_DIRECT_OBJC_ISA_USAGE = YES_ERROR;
				CLANG_WARN_EMPTY_BODY = YES;
				CLANG_WARN_ENUM_CONVERSION = YES;
				CLANG_WARN_INT_CONVERSION = YES;
				CLANG_WARN_OBJC_ROOT_CLASS = YES_ERROR;
				CLANG_WARN_UNREACHABLE_CODE = YES;
				CLANG_WARN__DUPLICATE_METHOD_MATCH = YES;
				"CODE_SIGN_IDENTITY[sdk=iphoneos*]" = "iPhone Developer";
				COPY_PHASE_STRIP = NO;
				DEBUG_INFORMATION_FORMAT = dwarf;
				ENABLE_STRICT_OBJC_MSGSEND = YES;
				ENABLE_TESTABILITY = YES;
				GCC_C_LANGUAGE_STANDARD = gnu99;
				GCC_DYNAMIC_NO_PIC = NO;
				GCC_NO_COMMON_BLOCKS = YES;
				GCC_OPTIMIZATION_LEVEL = 0;
				GCC_PREPROCESSOR_DEFINITIONS = (
					"DEBUG=1",
					"$(inherited)",
				);
				GCC_WARN_64_TO_32_BIT_CONVERSION = YES;
				GCC_WARN_ABOUT_RETURN_TYPE = YES_ERROR;
				GCC_WARN_UNDECLARED_SELECTOR = YES;
				GCC_WARN_UNINITIALIZED_AUTOS = YES_AGGRESSIVE;
				GCC_WARN_UNUSED_FUNCTION = YES;
				GCC_WARN_UNUSED_VARIABLE = YES;
				IPHONEOS_DEPLOYMENT_TARGET = 9.3;
				MTL_ENABLE_DEBUG_INFO = YES;
				ONLY_ACTIVE_ARCH = YES;
				SDKROOT = iphoneos;
				SWIFT_OPTIMIZATION_LEVEL = "-Onone";
			};
			name = Debug;
		};
		4AD41FE41D0B74400091C639 /* Release */ = {
			isa = XCBuildConfiguration;
			buildSettings = {
				ALWAYS_SEARCH_USER_PATHS = NO;
				CLANG_ANALYZER_NONNULL = YES;
				CLANG_CXX_LANGUAGE_STANDARD = "gnu++0x";
				CLANG_CXX_LIBRARY = "libc++";
				CLANG_ENABLE_MODULES = YES;
				CLANG_ENABLE_OBJC_ARC = YES;
				CLANG_WARN_BOOL_CONVERSION = YES;
				CLANG_WARN_CONSTANT_CONVERSION = YES;
				CLANG_WARN_DIRECT_OBJC_ISA_USAGE = YES_ERROR;
				CLANG_WARN_EMPTY_BODY = YES;
				CLANG_WARN_ENUM_CONVERSION = YES;
				CLANG_WARN_INT_CONVERSION = YES;
				CLANG_WARN_OBJC_ROOT_CLASS = YES_ERROR;
				CLANG_WARN_UNREACHABLE_CODE = YES;
				CLANG_WARN__DUPLICATE_METHOD_MATCH = YES;
				"CODE_SIGN_IDENTITY[sdk=iphoneos*]" = "iPhone Developer";
				COPY_PHASE_STRIP = NO;
				DEBUG_INFORMATION_FORMAT = "dwarf-with-dsym";
				ENABLE_NS_ASSERTIONS = NO;
				ENABLE_STRICT_OBJC_MSGSEND = YES;
				GCC_C_LANGUAGE_STANDARD = gnu99;
				GCC_NO_COMMON_BLOCKS = YES;
				GCC_WARN_64_TO_32_BIT_CONVERSION = YES;
				GCC_WARN_ABOUT_RETURN_TYPE = YES_ERROR;
				GCC_WARN_UNDECLARED_SELECTOR = YES;
				GCC_WARN_UNINITIALIZED_AUTOS = YES_AGGRESSIVE;
				GCC_WARN_UNUSED_FUNCTION = YES;
				GCC_WARN_UNUSED_VARIABLE = YES;
				IPHONEOS_DEPLOYMENT_TARGET = 9.3;
				MTL_ENABLE_DEBUG_INFO = NO;
				SDKROOT = iphoneos;
				VALIDATE_PRODUCT = YES;
			};
			name = Release;
		};
		4AD41FE61D0B74400091C639 /* Debug */ = {
			isa = XCBuildConfiguration;
			buildSettings = {
				ASSETCATALOG_COMPILER_APPICON_NAME = AppIcon;
				INFOPLIST_FILE = TipCaluclator/Info.plist;
				LD_RUNPATH_SEARCH_PATHS = "$(inherited) @executable_path/Frameworks";
				PRODUCT_BUNDLE_IDENTIFIER = com.PD.TipCaluclator;
				PRODUCT_NAME = "$(TARGET_NAME)";
			};
			name = Debug;
		};
		4AD41FE71D0B74400091C639 /* Release */ = {
			isa = XCBuildConfiguration;
			buildSettings = {
				ASSETCATALOG_COMPILER_APPICON_NAME = AppIcon;
				INFOPLIST_FILE = TipCaluclator/Info.plist;
				LD_RUNPATH_SEARCH_PATHS = "$(inherited) @executable_path/Frameworks";
				PRODUCT_BUNDLE_IDENTIFIER = com.PD.TipCaluclator;
				PRODUCT_NAME = "$(TARGET_NAME)";
			};
			name = Release;
		};
/* End XCBuildConfiguration section */

/* Begin XCConfigurationList section */
		4AD41FCE1D0B74400091C639 /* Build configuration list for PBXProject "TipCaluclator" */ = {
			isa = XCConfigurationList;
			buildConfigurations = (
				4AD41FE31D0B74400091C639 /* Debug */,
				4AD41FE41D0B74400091C639 /* Release */,
			);
			defaultConfigurationIsVisible = 0;
			defaultConfigurationName = Release;
		};
		4AD41FE51D0B74400091C639 /* Build configuration list for PBXNativeTarget "TipCaluclator" */ = {
			isa = XCConfigurationList;
			buildConfigurations = (
				4AD41FE61D0B74400091C639 /* Debug */,
				4AD41FE71D0B74400091C639 /* Release */,
			);
			defaultConfigurationIsVisible = 0;
		};
/* End XCConfigurationList section */
	};
	rootObject = 4AD41FCB1D0B74400091C639 /* Project object */;
}
